
Microsoft Visual Studio Solution File, Format Version 12.00
# Visual Studio Version 16
VisualStudioVersion = 16.0.31205.134
MinimumVisualStudioVersion = 10.0.40219.1
Project("{FAE04EC0-301F-11D3-BF4B-00C04F79EFBC}") = "ConsoleApp4", "ConsoleApp4\ConsoleApp4.csproj", "{F4FD03CF-E91F-4914-A0F9-963465EF8C58}"
EndProject
Global
	GlobalSection(SolutionConfigurationPlatforms) = preSolution
		Debug|Any CPU = Debug|Any CPU
		Release|Any CPU = Release|Any CPU
	EndGlobalSection
	GlobalSection(ProjectConfigurationPlatforms) = postSolution
		{F4FD03CF-E91F-4914-A0F9-963465EF8C58}.Debug|Any CPU.ActiveCfg = Debug|Any CPU
		{F4FD03CF-E91F-4914-A0F9-963465EF8C58}.Debug|Any CPU.Build.0 = Debug|Any CPU
		{F4FD03CF-E91F-4914-A0F9-963465EF8C58}.Release|Any CPU.ActiveCfg = Release|Any CPU
		{F4FD03CF-E91F-4914-A0F9-963465EF8C58}.Release|Any CPU.Build.0 = Release|Any CPU
	EndGlobalSection
	GlobalSection(SolutionProperties) = preSolution
		HideSolutionNode = FALSE
	EndGlobalSection
	GlobalSection(ExtensibilityGlobals) = postSolution
		SolutionGuid = {8A28C1D1-41CA-44FF-8A86-A1097D9B7351}
	EndGlobalSection
EndGlobal
